
Microsoft Visual Studio Solution File, Format Version 12.00
# Visual Studio Version 16
Project("{FAE04EC0-301F-11D3-BF4B-00C04F79EFBC}") = "SC2 Custom Campaign Manager", "SC2 Custom Campaign Manager\SC2 Custom Campaign Manager.csproj", "{0BB0964D-BD7C-43CC-B32B-9368D1C08E2D}"
EndProject
Project("{FAE04EC0-301F-11D3-BF4B-00C04F79EFBC}") = "SC2_CCM_Common", "SC2_CCM_Common\SC2_CCM_Common.csproj", "{102D5E83-2BE5-4714-B11C-26EE0A25B47E}"
EndProject
Project("{FAE04EC0-301F-11D3-BF4B-00C04F79EFBC}") = "SC2_CCM_Common_Test", "SC2_CCM_Common_Test\SC2_CCM_Common_Test.csproj", "{EB3127DA-E92D-4019-975F-EBDD76C6C2ED}"
EndProject
Global
	GlobalSection(SolutionConfigurationPlatforms) = preSolution
		Debug|Any CPU = Debug|Any CPU
		Release|Any CPU = Release|Any CPU
	EndGlobalSection
	GlobalSection(ProjectConfigurationPlatforms) = postSolution
		{0BB0964D-BD7C-43CC-B32B-9368D1C08E2D}.Debug|Any CPU.ActiveCfg = Debug|Any CPU
		{0BB0964D-BD7C-43CC-B32B-9368D1C08E2D}.Debug|Any CPU.Build.0 = Debug|Any CPU
		{0BB0964D-BD7C-43CC-B32B-9368D1C08E2D}.Release|Any CPU.ActiveCfg = Release|Any CPU
		{0BB0964D-BD7C-43CC-B32B-9368D1C08E2D}.Release|Any CPU.Build.0 = Release|Any CPU
		{102D5E83-2BE5-4714-B11C-26EE0A25B47E}.Debug|Any CPU.ActiveCfg = Debug|Any CPU
		{102D5E83-2BE5-4714-B11C-26EE0A25B47E}.Debug|Any CPU.Build.0 = Debug|Any CPU
		{102D5E83-2BE5-4714-B11C-26EE0A25B47E}.Release|Any CPU.ActiveCfg = Release|Any CPU
		{102D5E83-2BE5-4714-B11C-26EE0A25B47E}.Release|Any CPU.Build.0 = Release|Any CPU
		{EB3127DA-E92D-4019-975F-EBDD76C6C2ED}.Debug|Any CPU.ActiveCfg = Debug|Any CPU
		{EB3127DA-E92D-4019-975F-EBDD76C6C2ED}.Debug|Any CPU.Build.0 = Debug|Any CPU
		{EB3127DA-E92D-4019-975F-EBDD76C6C2ED}.Release|Any CPU.ActiveCfg = Release|Any CPU
		{EB3127DA-E92D-4019-975F-EBDD76C6C2ED}.Release|Any CPU.Build.0 = Release|Any CPU
	EndGlobalSection
EndGlobal
