
Microsoft Visual Studio Solution File, Format Version 12.00
# Visual Studio Version 16
Project("{FAE04EC0-301F-11D3-BF4B-00C04F79EFBC}") = "SC2 Custom Campaign Manager", "SC2 Custom Campaign Manager\SC2 Custom Campaign Manager.csproj", "{0BB0964D-BD7C-43CC-B32B-9368D1C08E2D}"
EndProject
Project("{FAE04EC0-301F-11D3-BF4B-00C04F79EFBC}") = "SC2_CCM_Common", "SC2_CCM_Common\SC2_CCM_Common.csproj", "{102D5E83-2BE5-4714-B11C-26EE0A25B47E}"
EndProject
Project("{FAE04EC0-301F-11D3-BF4B-00C04F79EFBC}") = "SC2_CCM_Common_Test", "SC2_CCM_Common_Test\SC2_CCM_Common_Test.csproj", "{EB3127DA-E92D-4019-975F-EBDD76C6C2ED}"
EndProject
Project("{FAE04EC0-301F-11D3-BF4B-00C04F79EFBC}") = "SC2_Avalonia_UI", "SC2_Avalonia_UI\SC2_Avalonia_UI.csproj", "{3BF24713-F8E8-4132-B7BD-D1B3C41FC33B}"
EndProject
Global
	GlobalSection(SolutionConfigurationPlatforms) = preSolution
		Debug|Any CPU = Debug|Any CPU
		Release|Any CPU = Release|Any CPU
	EndGlobalSection
	GlobalSection(ProjectConfigurationPlatforms) = postSolution
		{0BB0964D-BD7C-43CC-B32B-9368D1C08E2D}.Debug|Any CPU.ActiveCfg = Debug|Any CPU
		{0BB0964D-BD7C-43CC-B32B-9368D1C08E2D}.Debug|Any CPU.Build.0 = Debug|Any CPU
		{0BB0964D-BD7C-43CC-B32B-9368D1C08E2D}.Release|Any CPU.ActiveCfg = Release|Any CPU
		{0BB0964D-BD7C-43CC-B32B-9368D1C08E2D}.Release|Any CPU.Build.0 = Release|Any CPU
		{102D5E83-2BE5-4714-B11C-26EE0A25B47E}.Debug|Any CPU.ActiveCfg = Debug|Any CPU
		{102D5E83-2BE5-4714-B11C-26EE0A25B47E}.Debug|Any CPU.Build.0 = Debug|Any CPU
		{102D5E83-2BE5-4714-B11C-26EE0A25B47E}.Release|Any CPU.ActiveCfg = Release|Any CPU
		{102D5E83-2BE5-4714-B11C-26EE0A25B47E}.Release|Any CPU.Build.0 = Release|Any CPU
		{EB3127DA-E92D-4019-975F-EBDD76C6C2ED}.Debug|Any CPU.ActiveCfg = Debug|Any CPU
		{EB3127DA-E92D-4019-975F-EBDD76C6C2ED}.Debug|Any CPU.Build.0 = Debug|Any CPU
		{EB3127DA-E92D-4019-975F-EBDD76C6C2ED}.Release|Any CPU.ActiveCfg = Release|Any CPU
		{EB3127DA-E92D-4019-975F-EBDD76C6C2ED}.Release|Any CPU.Build.0 = Release|Any CPU
		{DBF25A8C-A044-4105-B35E-AD56700DD874}.Debug|Any CPU.ActiveCfg = Debug|Any CPU
		{DBF25A8C-A044-4105-B35E-AD56700DD874}.Debug|Any CPU.Build.0 = Debug|Any CPU
		{DBF25A8C-A044-4105-B35E-AD56700DD874}.Release|Any CPU.ActiveCfg = Release|Any CPU
		{DBF25A8C-A044-4105-B35E-AD56700DD874}.Release|Any CPU.Build.0 = Release|Any CPU
		{199295A5-C683-49BD-A859-2359C83CD093}.Debug|Any CPU.ActiveCfg = Debug|Any CPU
		{199295A5-C683-49BD-A859-2359C83CD093}.Debug|Any CPU.Build.0 = Debug|Any CPU
		{199295A5-C683-49BD-A859-2359C83CD093}.Release|Any CPU.ActiveCfg = Release|Any CPU
		{199295A5-C683-49BD-A859-2359C83CD093}.Release|Any CPU.Build.0 = Release|Any CPU
		{69259039-2DAB-4354-8EDF-46F82EBDCA42}.Debug|Any CPU.ActiveCfg = Debug|Any CPU
		{69259039-2DAB-4354-8EDF-46F82EBDCA42}.Debug|Any CPU.Build.0 = Debug|Any CPU
		{69259039-2DAB-4354-8EDF-46F82EBDCA42}.Release|Any CPU.ActiveCfg = Release|Any CPU
		{69259039-2DAB-4354-8EDF-46F82EBDCA42}.Release|Any CPU.Build.0 = Release|Any CPU
		{32CE704A-704D-4842-AAF7-A10F7F49451E}.Debug|Any CPU.ActiveCfg = Debug|Any CPU
		{32CE704A-704D-4842-AAF7-A10F7F49451E}.Debug|Any CPU.Build.0 = Debug|Any CPU
		{32CE704A-704D-4842-AAF7-A10F7F49451E}.Release|Any CPU.ActiveCfg = Release|Any CPU
		{32CE704A-704D-4842-AAF7-A10F7F49451E}.Release|Any CPU.Build.0 = Release|Any CPU
		{ED7BE5BB-CF7F-4CB3-89D1-0F3B1512D390}.Debug|Any CPU.ActiveCfg = Debug|Any CPU
		{ED7BE5BB-CF7F-4CB3-89D1-0F3B1512D390}.Debug|Any CPU.Build.0 = Debug|Any CPU
		{ED7BE5BB-CF7F-4CB3-89D1-0F3B1512D390}.Release|Any CPU.ActiveCfg = Release|Any CPU
		{ED7BE5BB-CF7F-4CB3-89D1-0F3B1512D390}.Release|Any CPU.Build.0 = Release|Any CPU
		{3BF24713-F8E8-4132-B7BD-D1B3C41FC33B}.Debug|Any CPU.ActiveCfg = Debug|Any CPU
		{3BF24713-F8E8-4132-B7BD-D1B3C41FC33B}.Debug|Any CPU.Build.0 = Debug|Any CPU
		{3BF24713-F8E8-4132-B7BD-D1B3C41FC33B}.Release|Any CPU.ActiveCfg = Release|Any CPU
		{3BF24713-F8E8-4132-B7BD-D1B3C41FC33B}.Release|Any CPU.Build.0 = Release|Any CPU
	EndGlobalSection
EndGlobal
